# This file is automatically @generated by Poetry 2.2.1 and should not be changed by hand.

[[package]]
name = "hunspell"
version = "0.5.5"
description = "Module for the Hunspell spellchecker engine"
optional = false
python-versions = "*"
groups = ["main"]
files = []
develop = false

[package.source]
type = "git"
url = "https://github.com/b-t-g/pyhunspell.git"
reference = "HEAD"
resolved_reference = "581b5aec644b134afd834dc6b23e62ab2baabdae"

[metadata]
lock-version = "2.1"
python-versions = ">=3.13"
content-hash = "77a03f9d49923c918b1afbeafe88cb5cda0fb95d862409632c933b466d882d0e"
