# This file is automatically @generated by Poetry 2.2.1 and should not be changed by hand.

[[package]]
name = "hunspell"
version = "0.5.5"
description = "Module for the Hunspell spellchecker engine"
optional = false
python-versions = "*"
groups = ["main"]
files = []
develop = false

[package.source]
type = "git"
url = "https://github.com/b-t-g/pyhunspell.git"
reference = "HEAD"
resolved_reference = "581b5aec644b134afd834dc6b23e62ab2baabdae"

[metadata]
lock-version = "2.1"
python-versions = ">=3.11,<3.14"
content-hash = "dd10ff494d06b5a9b3262f6eba209ac01d64450064ae1aecb1c964daa774e7b7"
